
Microsoft Visual Studio Solution File, Format Version 12.00
# Visual Studio 15
VisualStudioVersion = 15.0.27130.2010
MinimumVisualStudioVersion = 10.0.40219.1
Project("{FAE04EC0-301F-11D3-BF4B-00C04F79EFBC}") = "CsPoc", "CsPoc\CsPoc.csproj", "{102C4EDF-2EFA-473E-81F0-17DB19C125D8}"
EndProject
Project("{FAE04EC0-301F-11D3-BF4B-00C04F79EFBC}") = "ODataApiClient", "ODataApiClient\ODataApiClient.csproj", "{42454741-255B-4990-A1E5-DD37F20CE6F2}"
EndProject
Project("{FAE04EC0-301F-11D3-BF4B-00C04F79EFBC}") = "UtPoc", "UtPoc\UtPoc.csproj", "{51AE12C5-0188-4A96-9D07-C237A0045F2C}"
EndProject
Project("{9A19103F-16F7-4668-BE54-9A1E7A4F7556}") = "StdTwoLib", "StdTwoLib\StdTwoLib.csproj", "{FE77AACA-6EC7-4714-B823-327A42DD5D2B}"
EndProject
Project("{9A19103F-16F7-4668-BE54-9A1E7A4F7556}") = "CorePoc", "CorePoc\CorePoc.csproj", "{31ABE875-9548-45C4-BF1C-A2ABB24C6ACE}"
EndProject
Project("{9A19103F-16F7-4668-BE54-9A1E7A4F7556}") = "RemoveAnytime", "RemoveAnytime\RemoveAnytime.csproj", "{5732EDEE-45FF-44D5-9EC0-D03E54794569}"
EndProject
Project("{9A19103F-16F7-4668-BE54-9A1E7A4F7556}") = "ASPCoreOIDC", "ASPCoreOIDC\ASPCoreOIDC.csproj", "{2BE29AF7-8BAA-4C66-8BF7-0A7D1460FCA5}"
EndProject
Project("{9A19103F-16F7-4668-BE54-9A1E7A4F7556}") = "WebApiCoreOIDC", "WebApiCoreOIDC\WebApiCoreOIDC.csproj", "{63FC4A30-CF89-465A-9FBC-D9C716A5FB32}"
EndProject
Project("{FAE04EC0-301F-11D3-BF4B-00C04F79EFBC}") = "DotnetJavaDocker", "DotnetJavaDocker\DotnetJavaDocker.csproj", "{A8380E33-04E8-465B-841F-0533DE4B2118}"
EndProject
Global
	GlobalSection(SolutionConfigurationPlatforms) = preSolution
		Debug|Any CPU = Debug|Any CPU
		Release|Any CPU = Release|Any CPU
	EndGlobalSection
	GlobalSection(ProjectConfigurationPlatforms) = postSolution
		{102C4EDF-2EFA-473E-81F0-17DB19C125D8}.Debug|Any CPU.ActiveCfg = Debug|Any CPU
		{102C4EDF-2EFA-473E-81F0-17DB19C125D8}.Debug|Any CPU.Build.0 = Debug|Any CPU
		{102C4EDF-2EFA-473E-81F0-17DB19C125D8}.Release|Any CPU.ActiveCfg = Release|Any CPU
		{102C4EDF-2EFA-473E-81F0-17DB19C125D8}.Release|Any CPU.Build.0 = Release|Any CPU
		{42454741-255B-4990-A1E5-DD37F20CE6F2}.Debug|Any CPU.ActiveCfg = Debug|Any CPU
		{42454741-255B-4990-A1E5-DD37F20CE6F2}.Debug|Any CPU.Build.0 = Debug|Any CPU
		{42454741-255B-4990-A1E5-DD37F20CE6F2}.Release|Any CPU.ActiveCfg = Release|Any CPU
		{42454741-255B-4990-A1E5-DD37F20CE6F2}.Release|Any CPU.Build.0 = Release|Any CPU
		{51AE12C5-0188-4A96-9D07-C237A0045F2C}.Debug|Any CPU.ActiveCfg = Debug|Any CPU
		{51AE12C5-0188-4A96-9D07-C237A0045F2C}.Debug|Any CPU.Build.0 = Debug|Any CPU
		{51AE12C5-0188-4A96-9D07-C237A0045F2C}.Release|Any CPU.ActiveCfg = Release|Any CPU
		{51AE12C5-0188-4A96-9D07-C237A0045F2C}.Release|Any CPU.Build.0 = Release|Any CPU
		{FE77AACA-6EC7-4714-B823-327A42DD5D2B}.Debug|Any CPU.ActiveCfg = Debug|Any CPU
		{FE77AACA-6EC7-4714-B823-327A42DD5D2B}.Debug|Any CPU.Build.0 = Debug|Any CPU
		{FE77AACA-6EC7-4714-B823-327A42DD5D2B}.Release|Any CPU.ActiveCfg = Release|Any CPU
		{FE77AACA-6EC7-4714-B823-327A42DD5D2B}.Release|Any CPU.Build.0 = Release|Any CPU
		{31ABE875-9548-45C4-BF1C-A2ABB24C6ACE}.Debug|Any CPU.ActiveCfg = Debug|Any CPU
		{31ABE875-9548-45C4-BF1C-A2ABB24C6ACE}.Debug|Any CPU.Build.0 = Debug|Any CPU
		{31ABE875-9548-45C4-BF1C-A2ABB24C6ACE}.Release|Any CPU.ActiveCfg = Release|Any CPU
		{31ABE875-9548-45C4-BF1C-A2ABB24C6ACE}.Release|Any CPU.Build.0 = Release|Any CPU
		{5732EDEE-45FF-44D5-9EC0-D03E54794569}.Debug|Any CPU.ActiveCfg = Debug|Any CPU
		{5732EDEE-45FF-44D5-9EC0-D03E54794569}.Debug|Any CPU.Build.0 = Debug|Any CPU
		{5732EDEE-45FF-44D5-9EC0-D03E54794569}.Release|Any CPU.ActiveCfg = Release|Any CPU
		{5732EDEE-45FF-44D5-9EC0-D03E54794569}.Release|Any CPU.Build.0 = Release|Any CPU
		{2BE29AF7-8BAA-4C66-8BF7-0A7D1460FCA5}.Debug|Any CPU.ActiveCfg = Debug|Any CPU
		{2BE29AF7-8BAA-4C66-8BF7-0A7D1460FCA5}.Debug|Any CPU.Build.0 = Debug|Any CPU
		{2BE29AF7-8BAA-4C66-8BF7-0A7D1460FCA5}.Release|Any CPU.ActiveCfg = Release|Any CPU
		{2BE29AF7-8BAA-4C66-8BF7-0A7D1460FCA5}.Release|Any CPU.Build.0 = Release|Any CPU
		{63FC4A30-CF89-465A-9FBC-D9C716A5FB32}.Debug|Any CPU.ActiveCfg = Debug|Any CPU
		{63FC4A30-CF89-465A-9FBC-D9C716A5FB32}.Debug|Any CPU.Build.0 = Debug|Any CPU
		{63FC4A30-CF89-465A-9FBC-D9C716A5FB32}.Release|Any CPU.ActiveCfg = Release|Any CPU
		{63FC4A30-CF89-465A-9FBC-D9C716A5FB32}.Release|Any CPU.Build.0 = Release|Any CPU
		{A8380E33-04E8-465B-841F-0533DE4B2118}.Debug|Any CPU.ActiveCfg = Debug|Any CPU
		{A8380E33-04E8-465B-841F-0533DE4B2118}.Debug|Any CPU.Build.0 = Debug|Any CPU
		{A8380E33-04E8-465B-841F-0533DE4B2118}.Release|Any CPU.ActiveCfg = Release|Any CPU
		{A8380E33-04E8-465B-841F-0533DE4B2118}.Release|Any CPU.Build.0 = Release|Any CPU
	EndGlobalSection
	GlobalSection(SolutionProperties) = preSolution
		HideSolutionNode = FALSE
	EndGlobalSection
	GlobalSection(ExtensibilityGlobals) = postSolution
		SolutionGuid = {39160B2B-E87C-44CE-BEC7-87F0F8F51666}
	EndGlobalSection
	GlobalSection(Performance) = preSolution
		HasPerformanceSessions = true
	EndGlobalSection
EndGlobal
