
Microsoft Visual Studio Solution File, Format Version 12.00
# Visual Studio Version 16
VisualStudioVersion = 16.0.29418.71
MinimumVisualStudioVersion = 10.0.40219.1
Project("{FAE04EC0-301F-11D3-BF4B-00C04F79EFBC}") = "CsPoc", "CsPoc\CsPoc.csproj", "{102C4EDF-2EFA-473E-81F0-17DB19C125D8}"
EndProject
Project("{9A19103F-16F7-4668-BE54-9A1E7A4F7556}") = "ConsoleApp.EfSql", "ConsoleApp.EfSql\ConsoleApp.EfSql.csproj", "{F4D161FA-2544-456C-9C65-DA31340F03B2}"
EndProject
Project("{9A19103F-16F7-4668-BE54-9A1E7A4F7556}") = "CorePoc", "CorePoc\CorePoc.csproj", "{468EFEEA-2C67-48C8-A9F6-83F0BD2C1CD6}"
EndProject
Project("{FAE04EC0-301F-11D3-BF4B-00C04F79EFBC}") = "AspIdentity", "AspIdentity\AspIdentity.csproj", "{20452EFB-F557-4451-96A1-E6BDFB2F62D0}"
EndProject
Project("{9A19103F-16F7-4668-BE54-9A1E7A4F7556}") = "ConsoleApp.DapperSql", "ConsoleApp.DapperSql\ConsoleApp.DapperSql.csproj", "{1AB5B332-7934-46BC-BFCE-45DCBA702DD9}"
EndProject
Project("{9A19103F-16F7-4668-BE54-9A1E7A4F7556}") = "Docker.NetCore.MySql", "Docker.NetCore.MySql\Docker.NetCore.MySql.csproj", "{BE812F94-D9F1-4C7B-99DC-33CE0DC37560}"
EndProject
Project("{151D2E53-A2C4-4D7D-83FE-D05416EBD58E}") = "AZRM", "AZRM\AZRM.deployproj", "{111215E0-D91B-4AF6-A882-63453AE9DC84}"
EndProject
Project("{9A19103F-16F7-4668-BE54-9A1E7A4F7556}") = "StdTwoLib", "StdTwoLib\StdTwoLib.csproj", "{B22301D5-64AB-43FA-8A2E-42D8985EBC75}"
EndProject
Project("{9A19103F-16F7-4668-BE54-9A1E7A4F7556}") = "ASPCoreOIDC", "ASPCoreOIDC\ASPCoreOIDC.csproj", "{0176488C-C929-4A04-BEB2-D6C9948437E8}"
EndProject
Project("{9A19103F-16F7-4668-BE54-9A1E7A4F7556}") = "DotnetJavaDocker", "DotnetJavaDocker\DotnetJavaDocker.csproj", "{35751C9B-645E-4948-BA6E-04504176DD90}"
EndProject
Project("{9A19103F-16F7-4668-BE54-9A1E7A4F7556}") = "WebApiCoreOIDC", "WebApiCoreOIDC\WebApiCoreOIDC.csproj", "{83C4B93B-B058-4953-965D-6248B2CCAB8B}"
EndProject
Project("{9A19103F-16F7-4668-BE54-9A1E7A4F7556}") = "AzureAdWeb", "AzureAdWeb\AzureAdWeb.csproj", "{3061B5A4-C753-40C7-A36F-A0EDF2D3AC02}"
EndProject
Project("{FAE04EC0-301F-11D3-BF4B-00C04F79EFBC}") = "UtPoc", "UtPoc\UtPoc.csproj", "{51AE12C5-0188-4A96-9D07-C237A0045F2C}"
EndProject
Project("{9A19103F-16F7-4668-BE54-9A1E7A4F7556}") = "AzureAdWebApi", "AzureAdWebApi\AzureAdWebApi.csproj", "{B8416DF6-1ED6-4E66-B41D-3BDD5F8B07EC}"
EndProject
Project("{9A19103F-16F7-4668-BE54-9A1E7A4F7556}") = "WebPortal", "WebPortal\WebPortal.csproj", "{1CCF60F4-AF60-4DDC-A7F4-47192C455C23}"
EndProject
Project("{9A19103F-16F7-4668-BE54-9A1E7A4F7556}") = "WebCom.Controller", "WebCom.Controller\WebCom.Controller.csproj", "{B2414CE7-F1D2-4DC4-A2A0-F31A29A543FC}"
EndProject
Project("{FAE04EC0-301F-11D3-BF4B-00C04F79EFBC}") = "PerformanceCounter", "PerformanceCounter\PerformanceCounter.csproj", "{C7D70278-3896-413F-8E1E-AFD7860F857A}"
EndProject
Project("{FAE04EC0-301F-11D3-BF4B-00C04F79EFBC}") = "PerfCounter", "PerfCounter\PerfCounter.csproj", "{945A4B3F-DD44-40A4-A4CC-5EB2BF122369}"
EndProject
Project("{FAE04EC0-301F-11D3-BF4B-00C04F79EFBC}") = "permweb", "permweb\permweb.csproj", "{66470319-8B4B-40B7-A9B1-DE07173B3332}"
EndProject
Global
	GlobalSection(SolutionConfigurationPlatforms) = preSolution
		Debug|Any CPU = Debug|Any CPU
		Release|Any CPU = Release|Any CPU
	EndGlobalSection
	GlobalSection(ProjectConfigurationPlatforms) = postSolution
		{102C4EDF-2EFA-473E-81F0-17DB19C125D8}.Debug|Any CPU.ActiveCfg = Debug|Any CPU
		{102C4EDF-2EFA-473E-81F0-17DB19C125D8}.Debug|Any CPU.Build.0 = Debug|Any CPU
		{102C4EDF-2EFA-473E-81F0-17DB19C125D8}.Release|Any CPU.ActiveCfg = Release|Any CPU
		{102C4EDF-2EFA-473E-81F0-17DB19C125D8}.Release|Any CPU.Build.0 = Release|Any CPU
		{F4D161FA-2544-456C-9C65-DA31340F03B2}.Debug|Any CPU.ActiveCfg = Debug|Any CPU
		{F4D161FA-2544-456C-9C65-DA31340F03B2}.Debug|Any CPU.Build.0 = Debug|Any CPU
		{F4D161FA-2544-456C-9C65-DA31340F03B2}.Release|Any CPU.ActiveCfg = Release|Any CPU
		{F4D161FA-2544-456C-9C65-DA31340F03B2}.Release|Any CPU.Build.0 = Release|Any CPU
		{468EFEEA-2C67-48C8-A9F6-83F0BD2C1CD6}.Debug|Any CPU.ActiveCfg = Debug|Any CPU
		{468EFEEA-2C67-48C8-A9F6-83F0BD2C1CD6}.Debug|Any CPU.Build.0 = Debug|Any CPU
		{468EFEEA-2C67-48C8-A9F6-83F0BD2C1CD6}.Release|Any CPU.ActiveCfg = Release|Any CPU
		{468EFEEA-2C67-48C8-A9F6-83F0BD2C1CD6}.Release|Any CPU.Build.0 = Release|Any CPU
		{20452EFB-F557-4451-96A1-E6BDFB2F62D0}.Debug|Any CPU.ActiveCfg = Debug|Any CPU
		{20452EFB-F557-4451-96A1-E6BDFB2F62D0}.Debug|Any CPU.Build.0 = Debug|Any CPU
		{20452EFB-F557-4451-96A1-E6BDFB2F62D0}.Release|Any CPU.ActiveCfg = Release|Any CPU
		{20452EFB-F557-4451-96A1-E6BDFB2F62D0}.Release|Any CPU.Build.0 = Release|Any CPU
		{1AB5B332-7934-46BC-BFCE-45DCBA702DD9}.Debug|Any CPU.ActiveCfg = Debug|Any CPU
		{1AB5B332-7934-46BC-BFCE-45DCBA702DD9}.Debug|Any CPU.Build.0 = Debug|Any CPU
		{1AB5B332-7934-46BC-BFCE-45DCBA702DD9}.Release|Any CPU.ActiveCfg = Release|Any CPU
		{1AB5B332-7934-46BC-BFCE-45DCBA702DD9}.Release|Any CPU.Build.0 = Release|Any CPU
		{BE812F94-D9F1-4C7B-99DC-33CE0DC37560}.Debug|Any CPU.ActiveCfg = Debug|Any CPU
		{BE812F94-D9F1-4C7B-99DC-33CE0DC37560}.Debug|Any CPU.Build.0 = Debug|Any CPU
		{BE812F94-D9F1-4C7B-99DC-33CE0DC37560}.Release|Any CPU.ActiveCfg = Release|Any CPU
		{BE812F94-D9F1-4C7B-99DC-33CE0DC37560}.Release|Any CPU.Build.0 = Release|Any CPU
		{111215E0-D91B-4AF6-A882-63453AE9DC84}.Debug|Any CPU.ActiveCfg = Debug|Any CPU
		{111215E0-D91B-4AF6-A882-63453AE9DC84}.Debug|Any CPU.Build.0 = Debug|Any CPU
		{111215E0-D91B-4AF6-A882-63453AE9DC84}.Release|Any CPU.ActiveCfg = Release|Any CPU
		{111215E0-D91B-4AF6-A882-63453AE9DC84}.Release|Any CPU.Build.0 = Release|Any CPU
		{B22301D5-64AB-43FA-8A2E-42D8985EBC75}.Debug|Any CPU.ActiveCfg = Debug|Any CPU
		{B22301D5-64AB-43FA-8A2E-42D8985EBC75}.Debug|Any CPU.Build.0 = Debug|Any CPU
		{B22301D5-64AB-43FA-8A2E-42D8985EBC75}.Release|Any CPU.ActiveCfg = Release|Any CPU
		{B22301D5-64AB-43FA-8A2E-42D8985EBC75}.Release|Any CPU.Build.0 = Release|Any CPU
		{0176488C-C929-4A04-BEB2-D6C9948437E8}.Debug|Any CPU.ActiveCfg = Debug|Any CPU
		{0176488C-C929-4A04-BEB2-D6C9948437E8}.Debug|Any CPU.Build.0 = Debug|Any CPU
		{0176488C-C929-4A04-BEB2-D6C9948437E8}.Release|Any CPU.ActiveCfg = Release|Any CPU
		{0176488C-C929-4A04-BEB2-D6C9948437E8}.Release|Any CPU.Build.0 = Release|Any CPU
		{35751C9B-645E-4948-BA6E-04504176DD90}.Debug|Any CPU.ActiveCfg = Debug|Any CPU
		{35751C9B-645E-4948-BA6E-04504176DD90}.Debug|Any CPU.Build.0 = Debug|Any CPU
		{35751C9B-645E-4948-BA6E-04504176DD90}.Release|Any CPU.ActiveCfg = Release|Any CPU
		{35751C9B-645E-4948-BA6E-04504176DD90}.Release|Any CPU.Build.0 = Release|Any CPU
		{83C4B93B-B058-4953-965D-6248B2CCAB8B}.Debug|Any CPU.ActiveCfg = Debug|Any CPU
		{83C4B93B-B058-4953-965D-6248B2CCAB8B}.Debug|Any CPU.Build.0 = Debug|Any CPU
		{83C4B93B-B058-4953-965D-6248B2CCAB8B}.Release|Any CPU.ActiveCfg = Release|Any CPU
		{83C4B93B-B058-4953-965D-6248B2CCAB8B}.Release|Any CPU.Build.0 = Release|Any CPU
		{3061B5A4-C753-40C7-A36F-A0EDF2D3AC02}.Debug|Any CPU.ActiveCfg = Debug|Any CPU
		{3061B5A4-C753-40C7-A36F-A0EDF2D3AC02}.Debug|Any CPU.Build.0 = Debug|Any CPU
		{3061B5A4-C753-40C7-A36F-A0EDF2D3AC02}.Release|Any CPU.ActiveCfg = Release|Any CPU
		{3061B5A4-C753-40C7-A36F-A0EDF2D3AC02}.Release|Any CPU.Build.0 = Release|Any CPU
		{51AE12C5-0188-4A96-9D07-C237A0045F2C}.Debug|Any CPU.ActiveCfg = Debug|Any CPU
		{51AE12C5-0188-4A96-9D07-C237A0045F2C}.Debug|Any CPU.Build.0 = Debug|Any CPU
		{51AE12C5-0188-4A96-9D07-C237A0045F2C}.Release|Any CPU.ActiveCfg = Release|Any CPU
		{51AE12C5-0188-4A96-9D07-C237A0045F2C}.Release|Any CPU.Build.0 = Release|Any CPU
		{B8416DF6-1ED6-4E66-B41D-3BDD5F8B07EC}.Debug|Any CPU.ActiveCfg = Debug|Any CPU
		{B8416DF6-1ED6-4E66-B41D-3BDD5F8B07EC}.Debug|Any CPU.Build.0 = Debug|Any CPU
		{B8416DF6-1ED6-4E66-B41D-3BDD5F8B07EC}.Release|Any CPU.ActiveCfg = Release|Any CPU
		{B8416DF6-1ED6-4E66-B41D-3BDD5F8B07EC}.Release|Any CPU.Build.0 = Release|Any CPU
		{1CCF60F4-AF60-4DDC-A7F4-47192C455C23}.Debug|Any CPU.ActiveCfg = Debug|Any CPU
		{1CCF60F4-AF60-4DDC-A7F4-47192C455C23}.Debug|Any CPU.Build.0 = Debug|Any CPU
		{1CCF60F4-AF60-4DDC-A7F4-47192C455C23}.Release|Any CPU.ActiveCfg = Release|Any CPU
		{1CCF60F4-AF60-4DDC-A7F4-47192C455C23}.Release|Any CPU.Build.0 = Release|Any CPU
		{B2414CE7-F1D2-4DC4-A2A0-F31A29A543FC}.Debug|Any CPU.ActiveCfg = Debug|Any CPU
		{B2414CE7-F1D2-4DC4-A2A0-F31A29A543FC}.Debug|Any CPU.Build.0 = Debug|Any CPU
		{B2414CE7-F1D2-4DC4-A2A0-F31A29A543FC}.Release|Any CPU.ActiveCfg = Release|Any CPU
		{B2414CE7-F1D2-4DC4-A2A0-F31A29A543FC}.Release|Any CPU.Build.0 = Release|Any CPU
		{C7D70278-3896-413F-8E1E-AFD7860F857A}.Debug|Any CPU.ActiveCfg = Debug|Any CPU
		{C7D70278-3896-413F-8E1E-AFD7860F857A}.Debug|Any CPU.Build.0 = Debug|Any CPU
		{C7D70278-3896-413F-8E1E-AFD7860F857A}.Release|Any CPU.ActiveCfg = Release|Any CPU
		{C7D70278-3896-413F-8E1E-AFD7860F857A}.Release|Any CPU.Build.0 = Release|Any CPU
		{945A4B3F-DD44-40A4-A4CC-5EB2BF122369}.Debug|Any CPU.ActiveCfg = Debug|Any CPU
		{945A4B3F-DD44-40A4-A4CC-5EB2BF122369}.Debug|Any CPU.Build.0 = Debug|Any CPU
		{945A4B3F-DD44-40A4-A4CC-5EB2BF122369}.Release|Any CPU.ActiveCfg = Release|Any CPU
		{945A4B3F-DD44-40A4-A4CC-5EB2BF122369}.Release|Any CPU.Build.0 = Release|Any CPU
		{66470319-8B4B-40B7-A9B1-DE07173B3332}.Debug|Any CPU.ActiveCfg = Debug|Any CPU
		{66470319-8B4B-40B7-A9B1-DE07173B3332}.Debug|Any CPU.Build.0 = Debug|Any CPU
		{66470319-8B4B-40B7-A9B1-DE07173B3332}.Release|Any CPU.ActiveCfg = Release|Any CPU
		{66470319-8B4B-40B7-A9B1-DE07173B3332}.Release|Any CPU.Build.0 = Release|Any CPU
	EndGlobalSection
	GlobalSection(SolutionProperties) = preSolution
		HideSolutionNode = FALSE
	EndGlobalSection
	GlobalSection(ExtensibilityGlobals) = postSolution
		SolutionGuid = {3265999A-AF07-418C-A0B5-69EB6E746933}
	EndGlobalSection
EndGlobal
